
Microsoft Visual Studio Solution File, Format Version 12.00
# Visual Studio 15
VisualStudioVersion = 15.0.27428.2043
MinimumVisualStudioVersion = 10.0.40219.1
Project("{FAE04EC0-301F-11D3-BF4B-00C04F79EFBC}") = "XamCnblogs.Android", "XamCnblogs\XamCnblogs.Android\XamCnblogs.Android.csproj", "{221A1CAA-4ECD-4B21-9909-81542F811F5C}"
EndProject
Project("{FAE04EC0-301F-11D3-BF4B-00C04F79EFBC}") = "XamCnblogs.iOS", "XamCnblogs\XamCnblogs.iOS\XamCnblogs.iOS.csproj", "{A62E6EC9-0417-4F2D-A982-25D29C46CB5A}"
EndProject
Project("{9A19103F-16F7-4668-BE54-9A1E7A4F7556}") = "XamCnblogs.Portable", "XamCnblogs\XamCnblogs.Portable\XamCnblogs.Portable.csproj", "{3B7D869C-9041-4433-8145-5048B1848EFB}"
EndProject
Project("{9A19103F-16F7-4668-BE54-9A1E7A4F7556}") = "XamCnblogs.UI", "XamCnblogs\XamCnblogs.UI\XamCnblogs.UI.csproj", "{9FAF5C61-8AAE-4CB5-B293-E57AF6156750}"
EndProject
Project("{FAE04EC0-301F-11D3-BF4B-00C04F79EFBC}") = "UMeng.Share.Android", "XamCnblogs\UMeng.Share.Android\UMeng.Share.Android.csproj", "{8C040830-7344-45D8-B709-3AF778A52BAD}"
EndProject
Project("{FAE04EC0-301F-11D3-BF4B-00C04F79EFBC}") = "Binding_XgPush", "XamCnblogs\XamCnblogs.Android\AndroidBindings\Binding_XgPush\Binding_XgPush.csproj", "{98176440-C544-45B9-9C2A-42974F8B0015}"
EndProject
Global
	GlobalSection(SolutionConfigurationPlatforms) = preSolution
		Ad-Hoc|Any CPU = Ad-Hoc|Any CPU
		Ad-Hoc|iPhone = Ad-Hoc|iPhone
		Ad-Hoc|iPhoneSimulator = Ad-Hoc|iPhoneSimulator
		AppStore|Any CPU = AppStore|Any CPU
		AppStore|iPhone = AppStore|iPhone
		AppStore|iPhoneSimulator = AppStore|iPhoneSimulator
		Debug|Any CPU = Debug|Any CPU
		Debug|iPhone = Debug|iPhone
		Debug|iPhoneSimulator = Debug|iPhoneSimulator
		Release|Any CPU = Release|Any CPU
		Release|iPhone = Release|iPhone
		Release|iPhoneSimulator = Release|iPhoneSimulator
	EndGlobalSection
	GlobalSection(ProjectConfigurationPlatforms) = postSolution
		{221A1CAA-4ECD-4B21-9909-81542F811F5C}.Ad-Hoc|Any CPU.ActiveCfg = Release|Any CPU
		{221A1CAA-4ECD-4B21-9909-81542F811F5C}.Ad-Hoc|Any CPU.Build.0 = Release|Any CPU
		{221A1CAA-4ECD-4B21-9909-81542F811F5C}.Ad-Hoc|Any CPU.Deploy.0 = Release|Any CPU
		{221A1CAA-4ECD-4B21-9909-81542F811F5C}.Ad-Hoc|iPhone.ActiveCfg = Release|Any CPU
		{221A1CAA-4ECD-4B21-9909-81542F811F5C}.Ad-Hoc|iPhone.Build.0 = Release|Any CPU
		{221A1CAA-4ECD-4B21-9909-81542F811F5C}.Ad-Hoc|iPhone.Deploy.0 = Release|Any CPU
		{221A1CAA-4ECD-4B21-9909-81542F811F5C}.Ad-Hoc|iPhoneSimulator.ActiveCfg = Release|Any CPU
		{221A1CAA-4ECD-4B21-9909-81542F811F5C}.Ad-Hoc|iPhoneSimulator.Build.0 = Release|Any CPU
		{221A1CAA-4ECD-4B21-9909-81542F811F5C}.Ad-Hoc|iPhoneSimulator.Deploy.0 = Release|Any CPU
		{221A1CAA-4ECD-4B21-9909-81542F811F5C}.AppStore|Any CPU.ActiveCfg = Release|Any CPU
		{221A1CAA-4ECD-4B21-9909-81542F811F5C}.AppStore|Any CPU.Build.0 = Release|Any CPU
		{221A1CAA-4ECD-4B21-9909-81542F811F5C}.AppStore|Any CPU.Deploy.0 = Release|Any CPU
		{221A1CAA-4ECD-4B21-9909-81542F811F5C}.AppStore|iPhone.ActiveCfg = Release|Any CPU
		{221A1CAA-4ECD-4B21-9909-81542F811F5C}.AppStore|iPhone.Build.0 = Release|Any CPU
		{221A1CAA-4ECD-4B21-9909-81542F811F5C}.AppStore|iPhone.Deploy.0 = Release|Any CPU
		{221A1CAA-4ECD-4B21-9909-81542F811F5C}.AppStore|iPhoneSimulator.ActiveCfg = Release|Any CPU
		{221A1CAA-4ECD-4B21-9909-81542F811F5C}.AppStore|iPhoneSimulator.Build.0 = Release|Any CPU
		{221A1CAA-4ECD-4B21-9909-81542F811F5C}.AppStore|iPhoneSimulator.Deploy.0 = Release|Any CPU
		{221A1CAA-4ECD-4B21-9909-81542F811F5C}.Debug|Any CPU.ActiveCfg = Debug|Any CPU
		{221A1CAA-4ECD-4B21-9909-81542F811F5C}.Debug|Any CPU.Build.0 = Debug|Any CPU
		{221A1CAA-4ECD-4B21-9909-81542F811F5C}.Debug|Any CPU.Deploy.0 = Debug|Any CPU
		{221A1CAA-4ECD-4B21-9909-81542F811F5C}.Debug|iPhone.ActiveCfg = Debug|Any CPU
		{221A1CAA-4ECD-4B21-9909-81542F811F5C}.Debug|iPhone.Build.0 = Debug|Any CPU
		{221A1CAA-4ECD-4B21-9909-81542F811F5C}.Debug|iPhone.Deploy.0 = Debug|Any CPU
		{221A1CAA-4ECD-4B21-9909-81542F811F5C}.Debug|iPhoneSimulator.ActiveCfg = Debug|Any CPU
		{221A1CAA-4ECD-4B21-9909-81542F811F5C}.Debug|iPhoneSimulator.Build.0 = Debug|Any CPU
		{221A1CAA-4ECD-4B21-9909-81542F811F5C}.Debug|iPhoneSimulator.Deploy.0 = Debug|Any CPU
		{221A1CAA-4ECD-4B21-9909-81542F811F5C}.Release|Any CPU.ActiveCfg = Release|Any CPU
		{221A1CAA-4ECD-4B21-9909-81542F811F5C}.Release|Any CPU.Build.0 = Release|Any CPU
		{221A1CAA-4ECD-4B21-9909-81542F811F5C}.Release|Any CPU.Deploy.0 = Release|Any CPU
		{221A1CAA-4ECD-4B21-9909-81542F811F5C}.Release|iPhone.ActiveCfg = Release|Any CPU
		{221A1CAA-4ECD-4B21-9909-81542F811F5C}.Release|iPhone.Build.0 = Release|Any CPU
		{221A1CAA-4ECD-4B21-9909-81542F811F5C}.Release|iPhone.Deploy.0 = Release|Any CPU
		{221A1CAA-4ECD-4B21-9909-81542F811F5C}.Release|iPhoneSimulator.ActiveCfg = Release|Any CPU
		{221A1CAA-4ECD-4B21-9909-81542F811F5C}.Release|iPhoneSimulator.Build.0 = Release|Any CPU
		{221A1CAA-4ECD-4B21-9909-81542F811F5C}.Release|iPhoneSimulator.Deploy.0 = Release|Any CPU
		{A62E6EC9-0417-4F2D-A982-25D29C46CB5A}.Ad-Hoc|Any CPU.ActiveCfg = Ad-Hoc|iPhone
		{A62E6EC9-0417-4F2D-A982-25D29C46CB5A}.Ad-Hoc|iPhone.ActiveCfg = Ad-Hoc|iPhone
		{A62E6EC9-0417-4F2D-A982-25D29C46CB5A}.Ad-Hoc|iPhone.Build.0 = Ad-Hoc|iPhone
		{A62E6EC9-0417-4F2D-A982-25D29C46CB5A}.Ad-Hoc|iPhoneSimulator.ActiveCfg = Ad-Hoc|iPhoneSimulator
		{A62E6EC9-0417-4F2D-A982-25D29C46CB5A}.Ad-Hoc|iPhoneSimulator.Build.0 = Ad-Hoc|iPhoneSimulator
		{A62E6EC9-0417-4F2D-A982-25D29C46CB5A}.AppStore|Any CPU.ActiveCfg = AppStore|iPhone
		{A62E6EC9-0417-4F2D-A982-25D29C46CB5A}.AppStore|iPhone.ActiveCfg = AppStore|iPhone
		{A62E6EC9-0417-4F2D-A982-25D29C46CB5A}.AppStore|iPhone.Build.0 = AppStore|iPhone
		{A62E6EC9-0417-4F2D-A982-25D29C46CB5A}.AppStore|iPhoneSimulator.ActiveCfg = AppStore|iPhoneSimulator
		{A62E6EC9-0417-4F2D-A982-25D29C46CB5A}.AppStore|iPhoneSimulator.Build.0 = AppStore|iPhoneSimulator
		{A62E6EC9-0417-4F2D-A982-25D29C46CB5A}.Debug|Any CPU.ActiveCfg = Debug|iPhone
		{A62E6EC9-0417-4F2D-A982-25D29C46CB5A}.Debug|iPhone.ActiveCfg = Debug|iPhone
		{A62E6EC9-0417-4F2D-A982-25D29C46CB5A}.Debug|iPhone.Build.0 = Debug|iPhone
		{A62E6EC9-0417-4F2D-A982-25D29C46CB5A}.Debug|iPhoneSimulator.ActiveCfg = Debug|iPhoneSimulator
		{A62E6EC9-0417-4F2D-A982-25D29C46CB5A}.Debug|iPhoneSimulator.Build.0 = Debug|iPhoneSimulator
		{A62E6EC9-0417-4F2D-A982-25D29C46CB5A}.Release|Any CPU.ActiveCfg = Release|iPhone
		{A62E6EC9-0417-4F2D-A982-25D29C46CB5A}.Release|iPhone.ActiveCfg = Release|iPhone
		{A62E6EC9-0417-4F2D-A982-25D29C46CB5A}.Release|iPhone.Build.0 = Release|iPhone
		{A62E6EC9-0417-4F2D-A982-25D29C46CB5A}.Release|iPhoneSimulator.ActiveCfg = Release|iPhoneSimulator
		{A62E6EC9-0417-4F2D-A982-25D29C46CB5A}.Release|iPhoneSimulator.Build.0 = Release|iPhoneSimulator
		{3B7D869C-9041-4433-8145-5048B1848EFB}.Ad-Hoc|Any CPU.ActiveCfg = Debug|Any CPU
		{3B7D869C-9041-4433-8145-5048B1848EFB}.Ad-Hoc|Any CPU.Build.0 = Debug|Any CPU
		{3B7D869C-9041-4433-8145-5048B1848EFB}.Ad-Hoc|iPhone.ActiveCfg = Debug|Any CPU
		{3B7D869C-9041-4433-8145-5048B1848EFB}.Ad-Hoc|iPhone.Build.0 = Debug|Any CPU
		{3B7D869C-9041-4433-8145-5048B1848EFB}.Ad-Hoc|iPhoneSimulator.ActiveCfg = Debug|Any CPU
		{3B7D869C-9041-4433-8145-5048B1848EFB}.Ad-Hoc|iPhoneSimulator.Build.0 = Debug|Any CPU
		{3B7D869C-9041-4433-8145-5048B1848EFB}.AppStore|Any CPU.ActiveCfg = Debug|Any CPU
		{3B7D869C-9041-4433-8145-5048B1848EFB}.AppStore|Any CPU.Build.0 = Debug|Any CPU
		{3B7D869C-9041-4433-8145-5048B1848EFB}.AppStore|iPhone.ActiveCfg = Debug|Any CPU
		{3B7D869C-9041-4433-8145-5048B1848EFB}.AppStore|iPhone.Build.0 = Debug|Any CPU
		{3B7D869C-9041-4433-8145-5048B1848EFB}.AppStore|iPhoneSimulator.ActiveCfg = Debug|Any CPU
		{3B7D869C-9041-4433-8145-5048B1848EFB}.AppStore|iPhoneSimulator.Build.0 = Debug|Any CPU
		{3B7D869C-9041-4433-8145-5048B1848EFB}.Debug|Any CPU.ActiveCfg = Debug|Any CPU
		{3B7D869C-9041-4433-8145-5048B1848EFB}.Debug|Any CPU.Build.0 = Debug|Any CPU
		{3B7D869C-9041-4433-8145-5048B1848EFB}.Debug|iPhone.ActiveCfg = Debug|Any CPU
		{3B7D869C-9041-4433-8145-5048B1848EFB}.Debug|iPhone.Build.0 = Debug|Any CPU
		{3B7D869C-9041-4433-8145-5048B1848EFB}.Debug|iPhoneSimulator.ActiveCfg = Debug|Any CPU
		{3B7D869C-9041-4433-8145-5048B1848EFB}.Debug|iPhoneSimulator.Build.0 = Debug|Any CPU
		{3B7D869C-9041-4433-8145-5048B1848EFB}.Release|Any CPU.ActiveCfg = Release|Any CPU
		{3B7D869C-9041-4433-8145-5048B1848EFB}.Release|Any CPU.Build.0 = Release|Any CPU
		{3B7D869C-9041-4433-8145-5048B1848EFB}.Release|iPhone.ActiveCfg = Release|Any CPU
		{3B7D869C-9041-4433-8145-5048B1848EFB}.Release|iPhone.Build.0 = Release|Any CPU
		{3B7D869C-9041-4433-8145-5048B1848EFB}.Release|iPhoneSimulator.ActiveCfg = Release|Any CPU
		{3B7D869C-9041-4433-8145-5048B1848EFB}.Release|iPhoneSimulator.Build.0 = Release|Any CPU
		{9FAF5C61-8AAE-4CB5-B293-E57AF6156750}.Ad-Hoc|Any CPU.ActiveCfg = Debug|Any CPU
		{9FAF5C61-8AAE-4CB5-B293-E57AF6156750}.Ad-Hoc|Any CPU.Build.0 = Debug|Any CPU
		{9FAF5C61-8AAE-4CB5-B293-E57AF6156750}.Ad-Hoc|iPhone.ActiveCfg = Debug|Any CPU
		{9FAF5C61-8AAE-4CB5-B293-E57AF6156750}.Ad-Hoc|iPhone.Build.0 = Debug|Any CPU
		{9FAF5C61-8AAE-4CB5-B293-E57AF6156750}.Ad-Hoc|iPhoneSimulator.ActiveCfg = Debug|Any CPU
		{9FAF5C61-8AAE-4CB5-B293-E57AF6156750}.Ad-Hoc|iPhoneSimulator.Build.0 = Debug|Any CPU
		{9FAF5C61-8AAE-4CB5-B293-E57AF6156750}.AppStore|Any CPU.ActiveCfg = Debug|Any CPU
		{9FAF5C61-8AAE-4CB5-B293-E57AF6156750}.AppStore|Any CPU.Build.0 = Debug|Any CPU
		{9FAF5C61-8AAE-4CB5-B293-E57AF6156750}.AppStore|iPhone.ActiveCfg = Debug|Any CPU
		{9FAF5C61-8AAE-4CB5-B293-E57AF6156750}.AppStore|iPhone.Build.0 = Debug|Any CPU
		{9FAF5C61-8AAE-4CB5-B293-E57AF6156750}.AppStore|iPhoneSimulator.ActiveCfg = Debug|Any CPU
		{9FAF5C61-8AAE-4CB5-B293-E57AF6156750}.AppStore|iPhoneSimulator.Build.0 = Debug|Any CPU
		{9FAF5C61-8AAE-4CB5-B293-E57AF6156750}.Debug|Any CPU.ActiveCfg = Debug|Any CPU
		{9FAF5C61-8AAE-4CB5-B293-E57AF6156750}.Debug|Any CPU.Build.0 = Debug|Any CPU
		{9FAF5C61-8AAE-4CB5-B293-E57AF6156750}.Debug|iPhone.ActiveCfg = Debug|Any CPU
		{9FAF5C61-8AAE-4CB5-B293-E57AF6156750}.Debug|iPhone.Build.0 = Debug|Any CPU
		{9FAF5C61-8AAE-4CB5-B293-E57AF6156750}.Debug|iPhoneSimulator.ActiveCfg = Debug|Any CPU
		{9FAF5C61-8AAE-4CB5-B293-E57AF6156750}.Debug|iPhoneSimulator.Build.0 = Debug|Any CPU
		{9FAF5C61-8AAE-4CB5-B293-E57AF6156750}.Release|Any CPU.ActiveCfg = Release|Any CPU
		{9FAF5C61-8AAE-4CB5-B293-E57AF6156750}.Release|Any CPU.Build.0 = Release|Any CPU
		{9FAF5C61-8AAE-4CB5-B293-E57AF6156750}.Release|iPhone.ActiveCfg = Release|Any CPU
		{9FAF5C61-8AAE-4CB5-B293-E57AF6156750}.Release|iPhone.Build.0 = Release|Any CPU
		{9FAF5C61-8AAE-4CB5-B293-E57AF6156750}.Release|iPhoneSimulator.ActiveCfg = Release|Any CPU
		{9FAF5C61-8AAE-4CB5-B293-E57AF6156750}.Release|iPhoneSimulator.Build.0 = Release|Any CPU
		{8C040830-7344-45D8-B709-3AF778A52BAD}.Ad-Hoc|Any CPU.ActiveCfg = Release|Any CPU
		{8C040830-7344-45D8-B709-3AF778A52BAD}.Ad-Hoc|Any CPU.Build.0 = Release|Any CPU
		{8C040830-7344-45D8-B709-3AF778A52BAD}.Ad-Hoc|iPhone.ActiveCfg = Release|Any CPU
		{8C040830-7344-45D8-B709-3AF778A52BAD}.Ad-Hoc|iPhone.Build.0 = Release|Any CPU
		{8C040830-7344-45D8-B709-3AF778A52BAD}.Ad-Hoc|iPhoneSimulator.ActiveCfg = Release|Any CPU
		{8C040830-7344-45D8-B709-3AF778A52BAD}.Ad-Hoc|iPhoneSimulator.Build.0 = Release|Any CPU
		{8C040830-7344-45D8-B709-3AF778A52BAD}.AppStore|Any CPU.ActiveCfg = Release|Any CPU
		{8C040830-7344-45D8-B709-3AF778A52BAD}.AppStore|Any CPU.Build.0 = Release|Any CPU
		{8C040830-7344-45D8-B709-3AF778A52BAD}.AppStore|iPhone.ActiveCfg = Release|Any CPU
		{8C040830-7344-45D8-B709-3AF778A52BAD}.AppStore|iPhone.Build.0 = Release|Any CPU
		{8C040830-7344-45D8-B709-3AF778A52BAD}.AppStore|iPhoneSimulator.ActiveCfg = Release|Any CPU
		{8C040830-7344-45D8-B709-3AF778A52BAD}.AppStore|iPhoneSimulator.Build.0 = Release|Any CPU
		{8C040830-7344-45D8-B709-3AF778A52BAD}.Debug|Any CPU.ActiveCfg = Debug|Any CPU
		{8C040830-7344-45D8-B709-3AF778A52BAD}.Debug|Any CPU.Build.0 = Debug|Any CPU
		{8C040830-7344-45D8-B709-3AF778A52BAD}.Debug|iPhone.ActiveCfg = Debug|Any CPU
		{8C040830-7344-45D8-B709-3AF778A52BAD}.Debug|iPhone.Build.0 = Debug|Any CPU
		{8C040830-7344-45D8-B709-3AF778A52BAD}.Debug|iPhoneSimulator.ActiveCfg = Debug|Any CPU
		{8C040830-7344-45D8-B709-3AF778A52BAD}.Debug|iPhoneSimulator.Build.0 = Debug|Any CPU
		{8C040830-7344-45D8-B709-3AF778A52BAD}.Release|Any CPU.ActiveCfg = Release|Any CPU
		{8C040830-7344-45D8-B709-3AF778A52BAD}.Release|Any CPU.Build.0 = Release|Any CPU
		{8C040830-7344-45D8-B709-3AF778A52BAD}.Release|iPhone.ActiveCfg = Release|Any CPU
		{8C040830-7344-45D8-B709-3AF778A52BAD}.Release|iPhone.Build.0 = Release|Any CPU
		{8C040830-7344-45D8-B709-3AF778A52BAD}.Release|iPhoneSimulator.ActiveCfg = Release|Any CPU
		{8C040830-7344-45D8-B709-3AF778A52BAD}.Release|iPhoneSimulator.Build.0 = Release|Any CPU
		{98176440-C544-45B9-9C2A-42974F8B0015}.Ad-Hoc|Any CPU.ActiveCfg = Release|Any CPU
		{98176440-C544-45B9-9C2A-42974F8B0015}.Ad-Hoc|Any CPU.Build.0 = Release|Any CPU
		{98176440-C544-45B9-9C2A-42974F8B0015}.Ad-Hoc|iPhone.ActiveCfg = Release|Any CPU
		{98176440-C544-45B9-9C2A-42974F8B0015}.Ad-Hoc|iPhone.Build.0 = Release|Any CPU
		{98176440-C544-45B9-9C2A-42974F8B0015}.Ad-Hoc|iPhoneSimulator.ActiveCfg = Release|Any CPU
		{98176440-C544-45B9-9C2A-42974F8B0015}.Ad-Hoc|iPhoneSimulator.Build.0 = Release|Any CPU
		{98176440-C544-45B9-9C2A-42974F8B0015}.AppStore|Any CPU.ActiveCfg = Release|Any CPU
		{98176440-C544-45B9-9C2A-42974F8B0015}.AppStore|Any CPU.Build.0 = Release|Any CPU
		{98176440-C544-45B9-9C2A-42974F8B0015}.AppStore|iPhone.ActiveCfg = Release|Any CPU
		{98176440-C544-45B9-9C2A-42974F8B0015}.AppStore|iPhone.Build.0 = Release|Any CPU
		{98176440-C544-45B9-9C2A-42974F8B0015}.AppStore|iPhoneSimulator.ActiveCfg = Release|Any CPU
		{98176440-C544-45B9-9C2A-42974F8B0015}.AppStore|iPhoneSimulator.Build.0 = Release|Any CPU
		{98176440-C544-45B9-9C2A-42974F8B0015}.Debug|Any CPU.ActiveCfg = Debug|Any CPU
		{98176440-C544-45B9-9C2A-42974F8B0015}.Debug|Any CPU.Build.0 = Debug|Any CPU
		{98176440-C544-45B9-9C2A-42974F8B0015}.Debug|iPhone.ActiveCfg = Debug|Any CPU
		{98176440-C544-45B9-9C2A-42974F8B0015}.Debug|iPhone.Build.0 = Debug|Any CPU
		{98176440-C544-45B9-9C2A-42974F8B0015}.Debug|iPhoneSimulator.ActiveCfg = Debug|Any CPU
		{98176440-C544-45B9-9C2A-42974F8B0015}.Debug|iPhoneSimulator.Build.0 = Debug|Any CPU
		{98176440-C544-45B9-9C2A-42974F8B0015}.Release|Any CPU.ActiveCfg = Release|Any CPU
		{98176440-C544-45B9-9C2A-42974F8B0015}.Release|Any CPU.Build.0 = Release|Any CPU
		{98176440-C544-45B9-9C2A-42974F8B0015}.Release|iPhone.ActiveCfg = Release|Any CPU
		{98176440-C544-45B9-9C2A-42974F8B0015}.Release|iPhone.Build.0 = Release|Any CPU
		{98176440-C544-45B9-9C2A-42974F8B0015}.Release|iPhoneSimulator.ActiveCfg = Release|Any CPU
		{98176440-C544-45B9-9C2A-42974F8B0015}.Release|iPhoneSimulator.Build.0 = Release|Any CPU
	EndGlobalSection
	GlobalSection(SolutionProperties) = preSolution
		HideSolutionNode = FALSE
	EndGlobalSection
	GlobalSection(ExtensibilityGlobals) = postSolution
		SolutionGuid = {24D57663-EC7B-4FA2-82DE-4F97273953B1}
	EndGlobalSection
EndGlobal
