
Microsoft Visual Studio Solution File, Format Version 12.00
# Visual Studio 15
VisualStudioVersion = 15.0.27130.2036
MinimumVisualStudioVersion = 10.0.40219.1
Project("{FAE04EC0-301F-11D3-BF4B-00C04F79EFBC}") = "XamCnblogs.Android", "XamCnblogs\XamCnblogs.Android\XamCnblogs.Android.csproj", "{66BFAA73-574E-4C1B-959B-57194A80E503}"
EndProject
Project("{FAE04EC0-301F-11D3-BF4B-00C04F79EFBC}") = "XamCnblogs.iOS", "XamCnblogs\XamCnblogs.iOS\XamCnblogs.iOS.csproj", "{3EAD4751-41BE-4A2A-A559-F0BD909948D0}"
EndProject
Project("{9A19103F-16F7-4668-BE54-9A1E7A4F7556}") = "XamCnblogs.Portable", "XamCnblogs\XamCnblogs.Portable\XamCnblogs.Portable.csproj", "{DD091A87-A806-40C9-89F9-010916CC82D3}"
EndProject
Project("{9A19103F-16F7-4668-BE54-9A1E7A4F7556}") = "XamCnblogs.UI", "XamCnblogs\XamCnblogs.UI\XamCnblogs.UI.csproj", "{796EA191-8CCA-4BF7-B48C-2D74B2DA568E}"
EndProject
Project("{FAE04EC0-301F-11D3-BF4B-00C04F79EFBC}") = "UMeng.Share.Android", "XamCnblogs\UMeng.Share.Android\UMeng.Share.Android.csproj", "{8C040830-7344-45D8-B709-3AF778A52BAD}"
EndProject
Project("{FAE04EC0-301F-11D3-BF4B-00C04F79EFBC}") = "Binding_HtmlTextView", "XamCnblogs\XamCnblogs.Android\AndroidBindings\Binding_HtmlTextView\Binding_HtmlTextView.csproj", "{E966C799-1338-4AE0-8908-F3BA5E51FA4A}"
EndProject
Global
	GlobalSection(SolutionConfigurationPlatforms) = preSolution
		Ad-Hoc|Any CPU = Ad-Hoc|Any CPU
		Ad-Hoc|iPhone = Ad-Hoc|iPhone
		Ad-Hoc|iPhoneSimulator = Ad-Hoc|iPhoneSimulator
		AppStore|Any CPU = AppStore|Any CPU
		AppStore|iPhone = AppStore|iPhone
		AppStore|iPhoneSimulator = AppStore|iPhoneSimulator
		Debug|Any CPU = Debug|Any CPU
		Debug|iPhone = Debug|iPhone
		Debug|iPhoneSimulator = Debug|iPhoneSimulator
		Release|Any CPU = Release|Any CPU
		Release|iPhone = Release|iPhone
		Release|iPhoneSimulator = Release|iPhoneSimulator
	EndGlobalSection
	GlobalSection(ProjectConfigurationPlatforms) = postSolution
		{66BFAA73-574E-4C1B-959B-57194A80E503}.Ad-Hoc|Any CPU.ActiveCfg = Release|Any CPU
		{66BFAA73-574E-4C1B-959B-57194A80E503}.Ad-Hoc|Any CPU.Build.0 = Release|Any CPU
		{66BFAA73-574E-4C1B-959B-57194A80E503}.Ad-Hoc|Any CPU.Deploy.0 = Release|Any CPU
		{66BFAA73-574E-4C1B-959B-57194A80E503}.Ad-Hoc|iPhone.ActiveCfg = Release|Any CPU
		{66BFAA73-574E-4C1B-959B-57194A80E503}.Ad-Hoc|iPhone.Build.0 = Release|Any CPU
		{66BFAA73-574E-4C1B-959B-57194A80E503}.Ad-Hoc|iPhone.Deploy.0 = Release|Any CPU
		{66BFAA73-574E-4C1B-959B-57194A80E503}.Ad-Hoc|iPhoneSimulator.ActiveCfg = Release|Any CPU
		{66BFAA73-574E-4C1B-959B-57194A80E503}.Ad-Hoc|iPhoneSimulator.Build.0 = Release|Any CPU
		{66BFAA73-574E-4C1B-959B-57194A80E503}.Ad-Hoc|iPhoneSimulator.Deploy.0 = Release|Any CPU
		{66BFAA73-574E-4C1B-959B-57194A80E503}.AppStore|Any CPU.ActiveCfg = Release|Any CPU
		{66BFAA73-574E-4C1B-959B-57194A80E503}.AppStore|Any CPU.Build.0 = Release|Any CPU
		{66BFAA73-574E-4C1B-959B-57194A80E503}.AppStore|Any CPU.Deploy.0 = Release|Any CPU
		{66BFAA73-574E-4C1B-959B-57194A80E503}.AppStore|iPhone.ActiveCfg = Release|Any CPU
		{66BFAA73-574E-4C1B-959B-57194A80E503}.AppStore|iPhone.Build.0 = Release|Any CPU
		{66BFAA73-574E-4C1B-959B-57194A80E503}.AppStore|iPhone.Deploy.0 = Release|Any CPU
		{66BFAA73-574E-4C1B-959B-57194A80E503}.AppStore|iPhoneSimulator.ActiveCfg = Release|Any CPU
		{66BFAA73-574E-4C1B-959B-57194A80E503}.AppStore|iPhoneSimulator.Build.0 = Release|Any CPU
		{66BFAA73-574E-4C1B-959B-57194A80E503}.AppStore|iPhoneSimulator.Deploy.0 = Release|Any CPU
		{66BFAA73-574E-4C1B-959B-57194A80E503}.Debug|Any CPU.ActiveCfg = Debug|Any CPU
		{66BFAA73-574E-4C1B-959B-57194A80E503}.Debug|Any CPU.Build.0 = Debug|Any CPU
		{66BFAA73-574E-4C1B-959B-57194A80E503}.Debug|Any CPU.Deploy.0 = Debug|Any CPU
		{66BFAA73-574E-4C1B-959B-57194A80E503}.Debug|iPhone.ActiveCfg = Debug|Any CPU
		{66BFAA73-574E-4C1B-959B-57194A80E503}.Debug|iPhone.Build.0 = Debug|Any CPU
		{66BFAA73-574E-4C1B-959B-57194A80E503}.Debug|iPhone.Deploy.0 = Debug|Any CPU
		{66BFAA73-574E-4C1B-959B-57194A80E503}.Debug|iPhoneSimulator.ActiveCfg = Debug|Any CPU
		{66BFAA73-574E-4C1B-959B-57194A80E503}.Debug|iPhoneSimulator.Build.0 = Debug|Any CPU
		{66BFAA73-574E-4C1B-959B-57194A80E503}.Debug|iPhoneSimulator.Deploy.0 = Debug|Any CPU
		{66BFAA73-574E-4C1B-959B-57194A80E503}.Release|Any CPU.ActiveCfg = Release|Any CPU
		{66BFAA73-574E-4C1B-959B-57194A80E503}.Release|Any CPU.Build.0 = Release|Any CPU
		{66BFAA73-574E-4C1B-959B-57194A80E503}.Release|Any CPU.Deploy.0 = Release|Any CPU
		{66BFAA73-574E-4C1B-959B-57194A80E503}.Release|iPhone.ActiveCfg = Release|Any CPU
		{66BFAA73-574E-4C1B-959B-57194A80E503}.Release|iPhone.Build.0 = Release|Any CPU
		{66BFAA73-574E-4C1B-959B-57194A80E503}.Release|iPhone.Deploy.0 = Release|Any CPU
		{66BFAA73-574E-4C1B-959B-57194A80E503}.Release|iPhoneSimulator.ActiveCfg = Release|Any CPU
		{66BFAA73-574E-4C1B-959B-57194A80E503}.Release|iPhoneSimulator.Build.0 = Release|Any CPU
		{66BFAA73-574E-4C1B-959B-57194A80E503}.Release|iPhoneSimulator.Deploy.0 = Release|Any CPU
		{3EAD4751-41BE-4A2A-A559-F0BD909948D0}.Ad-Hoc|Any CPU.ActiveCfg = Ad-Hoc|iPhone
		{3EAD4751-41BE-4A2A-A559-F0BD909948D0}.Ad-Hoc|iPhone.ActiveCfg = Ad-Hoc|iPhone
		{3EAD4751-41BE-4A2A-A559-F0BD909948D0}.Ad-Hoc|iPhone.Build.0 = Ad-Hoc|iPhone
		{3EAD4751-41BE-4A2A-A559-F0BD909948D0}.Ad-Hoc|iPhoneSimulator.ActiveCfg = Ad-Hoc|iPhoneSimulator
		{3EAD4751-41BE-4A2A-A559-F0BD909948D0}.Ad-Hoc|iPhoneSimulator.Build.0 = Ad-Hoc|iPhoneSimulator
		{3EAD4751-41BE-4A2A-A559-F0BD909948D0}.AppStore|Any CPU.ActiveCfg = AppStore|iPhone
		{3EAD4751-41BE-4A2A-A559-F0BD909948D0}.AppStore|iPhone.ActiveCfg = AppStore|iPhone
		{3EAD4751-41BE-4A2A-A559-F0BD909948D0}.AppStore|iPhone.Build.0 = AppStore|iPhone
		{3EAD4751-41BE-4A2A-A559-F0BD909948D0}.AppStore|iPhoneSimulator.ActiveCfg = AppStore|iPhoneSimulator
		{3EAD4751-41BE-4A2A-A559-F0BD909948D0}.AppStore|iPhoneSimulator.Build.0 = AppStore|iPhoneSimulator
		{3EAD4751-41BE-4A2A-A559-F0BD909948D0}.Debug|Any CPU.ActiveCfg = Debug|iPhone
		{3EAD4751-41BE-4A2A-A559-F0BD909948D0}.Debug|iPhone.ActiveCfg = Debug|iPhone
		{3EAD4751-41BE-4A2A-A559-F0BD909948D0}.Debug|iPhone.Build.0 = Debug|iPhone
		{3EAD4751-41BE-4A2A-A559-F0BD909948D0}.Debug|iPhoneSimulator.ActiveCfg = Debug|iPhoneSimulator
		{3EAD4751-41BE-4A2A-A559-F0BD909948D0}.Debug|iPhoneSimulator.Build.0 = Debug|iPhoneSimulator
		{3EAD4751-41BE-4A2A-A559-F0BD909948D0}.Release|Any CPU.ActiveCfg = Release|iPhone
		{3EAD4751-41BE-4A2A-A559-F0BD909948D0}.Release|iPhone.ActiveCfg = Release|iPhone
		{3EAD4751-41BE-4A2A-A559-F0BD909948D0}.Release|iPhone.Build.0 = Release|iPhone
		{3EAD4751-41BE-4A2A-A559-F0BD909948D0}.Release|iPhoneSimulator.ActiveCfg = Release|iPhoneSimulator
		{3EAD4751-41BE-4A2A-A559-F0BD909948D0}.Release|iPhoneSimulator.Build.0 = Release|iPhoneSimulator
		{DD091A87-A806-40C9-89F9-010916CC82D3}.Ad-Hoc|Any CPU.ActiveCfg = Debug|Any CPU
		{DD091A87-A806-40C9-89F9-010916CC82D3}.Ad-Hoc|Any CPU.Build.0 = Debug|Any CPU
		{DD091A87-A806-40C9-89F9-010916CC82D3}.Ad-Hoc|iPhone.ActiveCfg = Debug|Any CPU
		{DD091A87-A806-40C9-89F9-010916CC82D3}.Ad-Hoc|iPhone.Build.0 = Debug|Any CPU
		{DD091A87-A806-40C9-89F9-010916CC82D3}.Ad-Hoc|iPhoneSimulator.ActiveCfg = Debug|Any CPU
		{DD091A87-A806-40C9-89F9-010916CC82D3}.Ad-Hoc|iPhoneSimulator.Build.0 = Debug|Any CPU
		{DD091A87-A806-40C9-89F9-010916CC82D3}.AppStore|Any CPU.ActiveCfg = Debug|Any CPU
		{DD091A87-A806-40C9-89F9-010916CC82D3}.AppStore|Any CPU.Build.0 = Debug|Any CPU
		{DD091A87-A806-40C9-89F9-010916CC82D3}.AppStore|iPhone.ActiveCfg = Debug|Any CPU
		{DD091A87-A806-40C9-89F9-010916CC82D3}.AppStore|iPhone.Build.0 = Debug|Any CPU
		{DD091A87-A806-40C9-89F9-010916CC82D3}.AppStore|iPhoneSimulator.ActiveCfg = Debug|Any CPU
		{DD091A87-A806-40C9-89F9-010916CC82D3}.AppStore|iPhoneSimulator.Build.0 = Debug|Any CPU
		{DD091A87-A806-40C9-89F9-010916CC82D3}.Debug|Any CPU.ActiveCfg = Debug|Any CPU
		{DD091A87-A806-40C9-89F9-010916CC82D3}.Debug|Any CPU.Build.0 = Debug|Any CPU
		{DD091A87-A806-40C9-89F9-010916CC82D3}.Debug|iPhone.ActiveCfg = Debug|Any CPU
		{DD091A87-A806-40C9-89F9-010916CC82D3}.Debug|iPhone.Build.0 = Debug|Any CPU
		{DD091A87-A806-40C9-89F9-010916CC82D3}.Debug|iPhoneSimulator.ActiveCfg = Debug|Any CPU
		{DD091A87-A806-40C9-89F9-010916CC82D3}.Debug|iPhoneSimulator.Build.0 = Debug|Any CPU
		{DD091A87-A806-40C9-89F9-010916CC82D3}.Release|Any CPU.ActiveCfg = Release|Any CPU
		{DD091A87-A806-40C9-89F9-010916CC82D3}.Release|Any CPU.Build.0 = Release|Any CPU
		{DD091A87-A806-40C9-89F9-010916CC82D3}.Release|iPhone.ActiveCfg = Release|Any CPU
		{DD091A87-A806-40C9-89F9-010916CC82D3}.Release|iPhone.Build.0 = Release|Any CPU
		{DD091A87-A806-40C9-89F9-010916CC82D3}.Release|iPhoneSimulator.ActiveCfg = Release|Any CPU
		{DD091A87-A806-40C9-89F9-010916CC82D3}.Release|iPhoneSimulator.Build.0 = Release|Any CPU
		{796EA191-8CCA-4BF7-B48C-2D74B2DA568E}.Ad-Hoc|Any CPU.ActiveCfg = Debug|Any CPU
		{796EA191-8CCA-4BF7-B48C-2D74B2DA568E}.Ad-Hoc|Any CPU.Build.0 = Debug|Any CPU
		{796EA191-8CCA-4BF7-B48C-2D74B2DA568E}.Ad-Hoc|iPhone.ActiveCfg = Debug|Any CPU
		{796EA191-8CCA-4BF7-B48C-2D74B2DA568E}.Ad-Hoc|iPhone.Build.0 = Debug|Any CPU
		{796EA191-8CCA-4BF7-B48C-2D74B2DA568E}.Ad-Hoc|iPhoneSimulator.ActiveCfg = Debug|Any CPU
		{796EA191-8CCA-4BF7-B48C-2D74B2DA568E}.Ad-Hoc|iPhoneSimulator.Build.0 = Debug|Any CPU
		{796EA191-8CCA-4BF7-B48C-2D74B2DA568E}.AppStore|Any CPU.ActiveCfg = Debug|Any CPU
		{796EA191-8CCA-4BF7-B48C-2D74B2DA568E}.AppStore|Any CPU.Build.0 = Debug|Any CPU
		{796EA191-8CCA-4BF7-B48C-2D74B2DA568E}.AppStore|iPhone.ActiveCfg = Debug|Any CPU
		{796EA191-8CCA-4BF7-B48C-2D74B2DA568E}.AppStore|iPhone.Build.0 = Debug|Any CPU
		{796EA191-8CCA-4BF7-B48C-2D74B2DA568E}.AppStore|iPhoneSimulator.ActiveCfg = Debug|Any CPU
		{796EA191-8CCA-4BF7-B48C-2D74B2DA568E}.AppStore|iPhoneSimulator.Build.0 = Debug|Any CPU
		{796EA191-8CCA-4BF7-B48C-2D74B2DA568E}.Debug|Any CPU.ActiveCfg = Debug|Any CPU
		{796EA191-8CCA-4BF7-B48C-2D74B2DA568E}.Debug|Any CPU.Build.0 = Debug|Any CPU
		{796EA191-8CCA-4BF7-B48C-2D74B2DA568E}.Debug|iPhone.ActiveCfg = Debug|Any CPU
		{796EA191-8CCA-4BF7-B48C-2D74B2DA568E}.Debug|iPhone.Build.0 = Debug|Any CPU
		{796EA191-8CCA-4BF7-B48C-2D74B2DA568E}.Debug|iPhoneSimulator.ActiveCfg = Debug|Any CPU
		{796EA191-8CCA-4BF7-B48C-2D74B2DA568E}.Debug|iPhoneSimulator.Build.0 = Debug|Any CPU
		{796EA191-8CCA-4BF7-B48C-2D74B2DA568E}.Release|Any CPU.ActiveCfg = Release|Any CPU
		{796EA191-8CCA-4BF7-B48C-2D74B2DA568E}.Release|Any CPU.Build.0 = Release|Any CPU
		{796EA191-8CCA-4BF7-B48C-2D74B2DA568E}.Release|iPhone.ActiveCfg = Release|Any CPU
		{796EA191-8CCA-4BF7-B48C-2D74B2DA568E}.Release|iPhone.Build.0 = Release|Any CPU
		{796EA191-8CCA-4BF7-B48C-2D74B2DA568E}.Release|iPhoneSimulator.ActiveCfg = Release|Any CPU
		{796EA191-8CCA-4BF7-B48C-2D74B2DA568E}.Release|iPhoneSimulator.Build.0 = Release|Any CPU
		{8C040830-7344-45D8-B709-3AF778A52BAD}.Ad-Hoc|Any CPU.ActiveCfg = Release|Any CPU
		{8C040830-7344-45D8-B709-3AF778A52BAD}.Ad-Hoc|Any CPU.Build.0 = Release|Any CPU
		{8C040830-7344-45D8-B709-3AF778A52BAD}.Ad-Hoc|iPhone.ActiveCfg = Release|Any CPU
		{8C040830-7344-45D8-B709-3AF778A52BAD}.Ad-Hoc|iPhone.Build.0 = Release|Any CPU
		{8C040830-7344-45D8-B709-3AF778A52BAD}.Ad-Hoc|iPhoneSimulator.ActiveCfg = Release|Any CPU
		{8C040830-7344-45D8-B709-3AF778A52BAD}.Ad-Hoc|iPhoneSimulator.Build.0 = Release|Any CPU
		{8C040830-7344-45D8-B709-3AF778A52BAD}.AppStore|Any CPU.ActiveCfg = Release|Any CPU
		{8C040830-7344-45D8-B709-3AF778A52BAD}.AppStore|Any CPU.Build.0 = Release|Any CPU
		{8C040830-7344-45D8-B709-3AF778A52BAD}.AppStore|iPhone.ActiveCfg = Release|Any CPU
		{8C040830-7344-45D8-B709-3AF778A52BAD}.AppStore|iPhone.Build.0 = Release|Any CPU
		{8C040830-7344-45D8-B709-3AF778A52BAD}.AppStore|iPhoneSimulator.ActiveCfg = Release|Any CPU
		{8C040830-7344-45D8-B709-3AF778A52BAD}.AppStore|iPhoneSimulator.Build.0 = Release|Any CPU
		{8C040830-7344-45D8-B709-3AF778A52BAD}.Debug|Any CPU.ActiveCfg = Debug|Any CPU
		{8C040830-7344-45D8-B709-3AF778A52BAD}.Debug|Any CPU.Build.0 = Debug|Any CPU
		{8C040830-7344-45D8-B709-3AF778A52BAD}.Debug|iPhone.ActiveCfg = Debug|Any CPU
		{8C040830-7344-45D8-B709-3AF778A52BAD}.Debug|iPhone.Build.0 = Debug|Any CPU
		{8C040830-7344-45D8-B709-3AF778A52BAD}.Debug|iPhoneSimulator.ActiveCfg = Debug|Any CPU
		{8C040830-7344-45D8-B709-3AF778A52BAD}.Debug|iPhoneSimulator.Build.0 = Debug|Any CPU
		{8C040830-7344-45D8-B709-3AF778A52BAD}.Release|Any CPU.ActiveCfg = Release|Any CPU
		{8C040830-7344-45D8-B709-3AF778A52BAD}.Release|Any CPU.Build.0 = Release|Any CPU
		{8C040830-7344-45D8-B709-3AF778A52BAD}.Release|iPhone.ActiveCfg = Release|Any CPU
		{8C040830-7344-45D8-B709-3AF778A52BAD}.Release|iPhone.Build.0 = Release|Any CPU
		{8C040830-7344-45D8-B709-3AF778A52BAD}.Release|iPhoneSimulator.ActiveCfg = Release|Any CPU
		{8C040830-7344-45D8-B709-3AF778A52BAD}.Release|iPhoneSimulator.Build.0 = Release|Any CPU
		{E966C799-1338-4AE0-8908-F3BA5E51FA4A}.Ad-Hoc|Any CPU.ActiveCfg = Release|Any CPU
		{E966C799-1338-4AE0-8908-F3BA5E51FA4A}.Ad-Hoc|Any CPU.Build.0 = Release|Any CPU
		{E966C799-1338-4AE0-8908-F3BA5E51FA4A}.Ad-Hoc|iPhone.ActiveCfg = Release|Any CPU
		{E966C799-1338-4AE0-8908-F3BA5E51FA4A}.Ad-Hoc|iPhone.Build.0 = Release|Any CPU
		{E966C799-1338-4AE0-8908-F3BA5E51FA4A}.Ad-Hoc|iPhoneSimulator.ActiveCfg = Release|Any CPU
		{E966C799-1338-4AE0-8908-F3BA5E51FA4A}.Ad-Hoc|iPhoneSimulator.Build.0 = Release|Any CPU
		{E966C799-1338-4AE0-8908-F3BA5E51FA4A}.AppStore|Any CPU.ActiveCfg = Release|Any CPU
		{E966C799-1338-4AE0-8908-F3BA5E51FA4A}.AppStore|Any CPU.Build.0 = Release|Any CPU
		{E966C799-1338-4AE0-8908-F3BA5E51FA4A}.AppStore|iPhone.ActiveCfg = Release|Any CPU
		{E966C799-1338-4AE0-8908-F3BA5E51FA4A}.AppStore|iPhone.Build.0 = Release|Any CPU
		{E966C799-1338-4AE0-8908-F3BA5E51FA4A}.AppStore|iPhoneSimulator.ActiveCfg = Release|Any CPU
		{E966C799-1338-4AE0-8908-F3BA5E51FA4A}.AppStore|iPhoneSimulator.Build.0 = Release|Any CPU
		{E966C799-1338-4AE0-8908-F3BA5E51FA4A}.Debug|Any CPU.ActiveCfg = Debug|Any CPU
		{E966C799-1338-4AE0-8908-F3BA5E51FA4A}.Debug|Any CPU.Build.0 = Debug|Any CPU
		{E966C799-1338-4AE0-8908-F3BA5E51FA4A}.Debug|iPhone.ActiveCfg = Debug|Any CPU
		{E966C799-1338-4AE0-8908-F3BA5E51FA4A}.Debug|iPhone.Build.0 = Debug|Any CPU
		{E966C799-1338-4AE0-8908-F3BA5E51FA4A}.Debug|iPhoneSimulator.ActiveCfg = Debug|Any CPU
		{E966C799-1338-4AE0-8908-F3BA5E51FA4A}.Debug|iPhoneSimulator.Build.0 = Debug|Any CPU
		{E966C799-1338-4AE0-8908-F3BA5E51FA4A}.Release|Any CPU.ActiveCfg = Release|Any CPU
		{E966C799-1338-4AE0-8908-F3BA5E51FA4A}.Release|Any CPU.Build.0 = Release|Any CPU
		{E966C799-1338-4AE0-8908-F3BA5E51FA4A}.Release|iPhone.ActiveCfg = Release|Any CPU
		{E966C799-1338-4AE0-8908-F3BA5E51FA4A}.Release|iPhone.Build.0 = Release|Any CPU
		{E966C799-1338-4AE0-8908-F3BA5E51FA4A}.Release|iPhoneSimulator.ActiveCfg = Release|Any CPU
		{E966C799-1338-4AE0-8908-F3BA5E51FA4A}.Release|iPhoneSimulator.Build.0 = Release|Any CPU
	EndGlobalSection
	GlobalSection(SolutionProperties) = preSolution
		HideSolutionNode = FALSE
	EndGlobalSection
	GlobalSection(ExtensibilityGlobals) = postSolution
		SolutionGuid = {56C35A0D-88C0-40E7-9EB0-E6DE0B8B2540}
	EndGlobalSection
EndGlobal
